
Microsoft Visual Studio Solution File, Format Version 12.00
# Visual Studio Version 16
VisualStudioVersion = 16.0.30011.22
MinimumVisualStudioVersion = 10.0.40219.1
Project("{9A19103F-16F7-4668-BE54-9A1E7A4F7556}") = "ProblemRuner", "ProblemRuner\ProblemRuner.csproj", "{A015E0CE-FC7E-4D51-86FF-6F6CF5A4F895}"
EndProject
Project("{9A19103F-16F7-4668-BE54-9A1E7A4F7556}") = "CommonLibrary", "CommonLibrary\CommonLibrary.csproj", "{C471669D-3ED0-44FB-9069-50D4E9CD58C9}"
EndProject
Project("{9A19103F-16F7-4668-BE54-9A1E7A4F7556}") = "P0001ToP0100", "P0001ToP0100\P0001ToP0100.csproj", "{4F94CF0F-7382-4F0E-AAB3-0A0DA19FAB97}"
EndProject
Project("{9A19103F-16F7-4668-BE54-9A1E7A4F7556}") = "P0101ToP0200", "P0101ToP0200\P0101ToP0200.csproj", "{547B0610-B3B6-4E68-96FE-1EB398FDB903}"
EndProject
Project("{9A19103F-16F7-4668-BE54-9A1E7A4F7556}") = "P0201ToP0300", "P0201ToP0300\P0201ToP0300.csproj", "{1F540CFF-9DFF-48BB-8FE7-06A520E7967E}"
EndProject
Project("{9A19103F-16F7-4668-BE54-9A1E7A4F7556}") = "P0301ToP0400", "P0301ToP0400\P0301ToP0400.csproj", "{E8968038-C72E-483A-8DA9-7F39F1C38A1A}"
EndProject
Project("{9A19103F-16F7-4668-BE54-9A1E7A4F7556}") = "P0401ToP0500", "P0401ToP0500\P0401ToP0500.csproj", "{D5E98518-1EAD-47C3-9585-961FCC880897}"
EndProject
Project("{9A19103F-16F7-4668-BE54-9A1E7A4F7556}") = "P0501ToP0600", "P0501ToP0600\P0501ToP0600.csproj", "{8CB5E237-33E8-4150-9A4D-AD059C98BA44}"
EndProject
Project("{9A19103F-16F7-4668-BE54-9A1E7A4F7556}") = "P0601ToP0700", "P0601ToP0700\P0601ToP0700.csproj", "{BB95B429-3627-4A8D-9023-0B2743B02E45}"
EndProject
Project("{9A19103F-16F7-4668-BE54-9A1E7A4F7556}") = "P0701ToP0800", "P0701ToP0800\P0701ToP0800.csproj", "{0F73C761-F141-4F95-9262-E7E750D73D49}"
EndProject
Project("{9A19103F-16F7-4668-BE54-9A1E7A4F7556}") = "P0801ToP0900", "P0801ToP0900\P0801ToP0900.csproj", "{02F702FD-1506-45A7-B9E1-5AE688FBEAB2}"
EndProject
Project("{9A19103F-16F7-4668-BE54-9A1E7A4F7556}") = "P0901ToP1000", "P0901ToP1000\P0901ToP1000.csproj", "{953216F3-1DA2-4F64-B2EF-C2B8DDA82CC6}"
EndProject
Project("{9A19103F-16F7-4668-BE54-9A1E7A4F7556}") = "P1001ToP1100", "P1001ToP1100\P1001ToP1100.csproj", "{3FAF8A1D-F277-4E73-9C70-075A2389DB86}"
EndProject
Project("{9A19103F-16F7-4668-BE54-9A1E7A4F7556}") = "P1101ToP1200", "P1101ToP1200\P1101ToP1200.csproj", "{89549273-075A-44A9-A953-42476C3BABF6}"
EndProject
Project("{FAE04EC0-301F-11D3-BF4B-00C04F79EFBC}") = "P1701ToP1800", "P1701ToP1800\P1701ToP1800.csproj", "{11782ED9-166A-4C47-AE73-09B6A47CAC19}"
EndProject
Project("{FAE04EC0-301F-11D3-BF4B-00C04F79EFBC}") = "P1201ToP1300", "P1201ToP1300\P1201ToP1300.csproj", "{F4FC2B78-E24D-4CCD-9824-D1A1583F155E}"
EndProject
Project("{FAE04EC0-301F-11D3-BF4B-00C04F79EFBC}") = "P1301ToP1400", "P1301ToP1400\P1301ToP1400.csproj", "{A7F81522-8FDC-4269-AEF7-3817A21BA456}"
EndProject
Project("{FAE04EC0-301F-11D3-BF4B-00C04F79EFBC}") = "P1401ToP1500", "P1401ToP1500\P1401ToP1500.csproj", "{43A7EB81-E055-4D21-B5F8-EB5659E502C7}"
EndProject
Project("{FAE04EC0-301F-11D3-BF4B-00C04F79EFBC}") = "P1501ToP1600", "P1501ToP1600\P1501ToP1600.csproj", "{E29CB6E4-C093-4E47-B840-D7BD47E1B387}"
EndProject
Project("{FAE04EC0-301F-11D3-BF4B-00C04F79EFBC}") = "P1601ToP1700", "P1601ToP1700\P1601ToP1700.csproj", "{E2FAB863-96C9-4EA3-B859-84635E9DFDA0}"
EndProject
Project("{FAE04EC0-301F-11D3-BF4B-00C04F79EFBC}") = "P1801ToP1900", "P1801ToP1900\P1801ToP1900.csproj", "{324E8008-A94C-4CC1-BB3D-ACE9EA3D0E16}"
EndProject
Project("{FAE04EC0-301F-11D3-BF4B-00C04F79EFBC}") = "P1901ToP2000", "P1901ToP2000\P1901ToP2000.csproj", "{D8042DCA-8362-4D93-AD7F-788EB854A62A}"
EndProject
Global
	GlobalSection(SolutionConfigurationPlatforms) = preSolution
		Debug|Any CPU = Debug|Any CPU
		Release|Any CPU = Release|Any CPU
	EndGlobalSection
	GlobalSection(ProjectConfigurationPlatforms) = postSolution
		{A015E0CE-FC7E-4D51-86FF-6F6CF5A4F895}.Debug|Any CPU.ActiveCfg = Debug|Any CPU
		{A015E0CE-FC7E-4D51-86FF-6F6CF5A4F895}.Debug|Any CPU.Build.0 = Debug|Any CPU
		{A015E0CE-FC7E-4D51-86FF-6F6CF5A4F895}.Release|Any CPU.ActiveCfg = Release|Any CPU
		{A015E0CE-FC7E-4D51-86FF-6F6CF5A4F895}.Release|Any CPU.Build.0 = Release|Any CPU
		{C471669D-3ED0-44FB-9069-50D4E9CD58C9}.Debug|Any CPU.ActiveCfg = Debug|Any CPU
		{C471669D-3ED0-44FB-9069-50D4E9CD58C9}.Debug|Any CPU.Build.0 = Debug|Any CPU
		{C471669D-3ED0-44FB-9069-50D4E9CD58C9}.Release|Any CPU.ActiveCfg = Release|Any CPU
		{C471669D-3ED0-44FB-9069-50D4E9CD58C9}.Release|Any CPU.Build.0 = Release|Any CPU
		{4F94CF0F-7382-4F0E-AAB3-0A0DA19FAB97}.Debug|Any CPU.ActiveCfg = Debug|Any CPU
		{4F94CF0F-7382-4F0E-AAB3-0A0DA19FAB97}.Debug|Any CPU.Build.0 = Debug|Any CPU
		{4F94CF0F-7382-4F0E-AAB3-0A0DA19FAB97}.Release|Any CPU.ActiveCfg = Release|Any CPU
		{4F94CF0F-7382-4F0E-AAB3-0A0DA19FAB97}.Release|Any CPU.Build.0 = Release|Any CPU
		{547B0610-B3B6-4E68-96FE-1EB398FDB903}.Debug|Any CPU.ActiveCfg = Debug|Any CPU
		{547B0610-B3B6-4E68-96FE-1EB398FDB903}.Debug|Any CPU.Build.0 = Debug|Any CPU
		{547B0610-B3B6-4E68-96FE-1EB398FDB903}.Release|Any CPU.ActiveCfg = Release|Any CPU
		{547B0610-B3B6-4E68-96FE-1EB398FDB903}.Release|Any CPU.Build.0 = Release|Any CPU
		{1F540CFF-9DFF-48BB-8FE7-06A520E7967E}.Debug|Any CPU.ActiveCfg = Debug|Any CPU
		{1F540CFF-9DFF-48BB-8FE7-06A520E7967E}.Debug|Any CPU.Build.0 = Debug|Any CPU
		{1F540CFF-9DFF-48BB-8FE7-06A520E7967E}.Release|Any CPU.ActiveCfg = Release|Any CPU
		{1F540CFF-9DFF-48BB-8FE7-06A520E7967E}.Release|Any CPU.Build.0 = Release|Any CPU
		{E8968038-C72E-483A-8DA9-7F39F1C38A1A}.Debug|Any CPU.ActiveCfg = Debug|Any CPU
		{E8968038-C72E-483A-8DA9-7F39F1C38A1A}.Debug|Any CPU.Build.0 = Debug|Any CPU
		{E8968038-C72E-483A-8DA9-7F39F1C38A1A}.Release|Any CPU.ActiveCfg = Release|Any CPU
		{E8968038-C72E-483A-8DA9-7F39F1C38A1A}.Release|Any CPU.Build.0 = Release|Any CPU
		{D5E98518-1EAD-47C3-9585-961FCC880897}.Debug|Any CPU.ActiveCfg = Debug|Any CPU
		{D5E98518-1EAD-47C3-9585-961FCC880897}.Debug|Any CPU.Build.0 = Debug|Any CPU
		{D5E98518-1EAD-47C3-9585-961FCC880897}.Release|Any CPU.ActiveCfg = Release|Any CPU
		{D5E98518-1EAD-47C3-9585-961FCC880897}.Release|Any CPU.Build.0 = Release|Any CPU
		{8CB5E237-33E8-4150-9A4D-AD059C98BA44}.Debug|Any CPU.ActiveCfg = Debug|Any CPU
		{8CB5E237-33E8-4150-9A4D-AD059C98BA44}.Debug|Any CPU.Build.0 = Debug|Any CPU
		{8CB5E237-33E8-4150-9A4D-AD059C98BA44}.Release|Any CPU.ActiveCfg = Release|Any CPU
		{8CB5E237-33E8-4150-9A4D-AD059C98BA44}.Release|Any CPU.Build.0 = Release|Any CPU
		{BB95B429-3627-4A8D-9023-0B2743B02E45}.Debug|Any CPU.ActiveCfg = Debug|Any CPU
		{BB95B429-3627-4A8D-9023-0B2743B02E45}.Debug|Any CPU.Build.0 = Debug|Any CPU
		{BB95B429-3627-4A8D-9023-0B2743B02E45}.Release|Any CPU.ActiveCfg = Release|Any CPU
		{BB95B429-3627-4A8D-9023-0B2743B02E45}.Release|Any CPU.Build.0 = Release|Any CPU
		{0F73C761-F141-4F95-9262-E7E750D73D49}.Debug|Any CPU.ActiveCfg = Debug|Any CPU
		{0F73C761-F141-4F95-9262-E7E750D73D49}.Debug|Any CPU.Build.0 = Debug|Any CPU
		{0F73C761-F141-4F95-9262-E7E750D73D49}.Release|Any CPU.ActiveCfg = Release|Any CPU
		{0F73C761-F141-4F95-9262-E7E750D73D49}.Release|Any CPU.Build.0 = Release|Any CPU
		{02F702FD-1506-45A7-B9E1-5AE688FBEAB2}.Debug|Any CPU.ActiveCfg = Debug|Any CPU
		{02F702FD-1506-45A7-B9E1-5AE688FBEAB2}.Debug|Any CPU.Build.0 = Debug|Any CPU
		{02F702FD-1506-45A7-B9E1-5AE688FBEAB2}.Release|Any CPU.ActiveCfg = Release|Any CPU
		{02F702FD-1506-45A7-B9E1-5AE688FBEAB2}.Release|Any CPU.Build.0 = Release|Any CPU
		{953216F3-1DA2-4F64-B2EF-C2B8DDA82CC6}.Debug|Any CPU.ActiveCfg = Debug|Any CPU
		{953216F3-1DA2-4F64-B2EF-C2B8DDA82CC6}.Debug|Any CPU.Build.0 = Debug|Any CPU
		{953216F3-1DA2-4F64-B2EF-C2B8DDA82CC6}.Release|Any CPU.ActiveCfg = Release|Any CPU
		{953216F3-1DA2-4F64-B2EF-C2B8DDA82CC6}.Release|Any CPU.Build.0 = Release|Any CPU
		{3FAF8A1D-F277-4E73-9C70-075A2389DB86}.Debug|Any CPU.ActiveCfg = Debug|Any CPU
		{3FAF8A1D-F277-4E73-9C70-075A2389DB86}.Debug|Any CPU.Build.0 = Debug|Any CPU
		{3FAF8A1D-F277-4E73-9C70-075A2389DB86}.Release|Any CPU.ActiveCfg = Release|Any CPU
		{3FAF8A1D-F277-4E73-9C70-075A2389DB86}.Release|Any CPU.Build.0 = Release|Any CPU
		{89549273-075A-44A9-A953-42476C3BABF6}.Debug|Any CPU.ActiveCfg = Debug|Any CPU
		{89549273-075A-44A9-A953-42476C3BABF6}.Debug|Any CPU.Build.0 = Debug|Any CPU
		{89549273-075A-44A9-A953-42476C3BABF6}.Release|Any CPU.ActiveCfg = Release|Any CPU
		{89549273-075A-44A9-A953-42476C3BABF6}.Release|Any CPU.Build.0 = Release|Any CPU
		{11782ED9-166A-4C47-AE73-09B6A47CAC19}.Debug|Any CPU.ActiveCfg = Debug|Any CPU
		{11782ED9-166A-4C47-AE73-09B6A47CAC19}.Debug|Any CPU.Build.0 = Debug|Any CPU
		{11782ED9-166A-4C47-AE73-09B6A47CAC19}.Release|Any CPU.ActiveCfg = Release|Any CPU
		{11782ED9-166A-4C47-AE73-09B6A47CAC19}.Release|Any CPU.Build.0 = Release|Any CPU
		{F4FC2B78-E24D-4CCD-9824-D1A1583F155E}.Debug|Any CPU.ActiveCfg = Debug|Any CPU
		{F4FC2B78-E24D-4CCD-9824-D1A1583F155E}.Debug|Any CPU.Build.0 = Debug|Any CPU
		{F4FC2B78-E24D-4CCD-9824-D1A1583F155E}.Release|Any CPU.ActiveCfg = Release|Any CPU
		{F4FC2B78-E24D-4CCD-9824-D1A1583F155E}.Release|Any CPU.Build.0 = Release|Any CPU
		{A7F81522-8FDC-4269-AEF7-3817A21BA456}.Debug|Any CPU.ActiveCfg = Debug|Any CPU
		{A7F81522-8FDC-4269-AEF7-3817A21BA456}.Debug|Any CPU.Build.0 = Debug|Any CPU
		{A7F81522-8FDC-4269-AEF7-3817A21BA456}.Release|Any CPU.ActiveCfg = Release|Any CPU
		{A7F81522-8FDC-4269-AEF7-3817A21BA456}.Release|Any CPU.Build.0 = Release|Any CPU
		{43A7EB81-E055-4D21-B5F8-EB5659E502C7}.Debug|Any CPU.ActiveCfg = Debug|Any CPU
		{43A7EB81-E055-4D21-B5F8-EB5659E502C7}.Debug|Any CPU.Build.0 = Debug|Any CPU
		{43A7EB81-E055-4D21-B5F8-EB5659E502C7}.Release|Any CPU.ActiveCfg = Release|Any CPU
		{43A7EB81-E055-4D21-B5F8-EB5659E502C7}.Release|Any CPU.Build.0 = Release|Any CPU
		{E29CB6E4-C093-4E47-B840-D7BD47E1B387}.Debug|Any CPU.ActiveCfg = Debug|Any CPU
		{E29CB6E4-C093-4E47-B840-D7BD47E1B387}.Debug|Any CPU.Build.0 = Debug|Any CPU
		{E29CB6E4-C093-4E47-B840-D7BD47E1B387}.Release|Any CPU.ActiveCfg = Release|Any CPU
		{E29CB6E4-C093-4E47-B840-D7BD47E1B387}.Release|Any CPU.Build.0 = Release|Any CPU
		{E2FAB863-96C9-4EA3-B859-84635E9DFDA0}.Debug|Any CPU.ActiveCfg = Debug|Any CPU
		{E2FAB863-96C9-4EA3-B859-84635E9DFDA0}.Debug|Any CPU.Build.0 = Debug|Any CPU
		{E2FAB863-96C9-4EA3-B859-84635E9DFDA0}.Release|Any CPU.ActiveCfg = Release|Any CPU
		{E2FAB863-96C9-4EA3-B859-84635E9DFDA0}.Release|Any CPU.Build.0 = Release|Any CPU
		{324E8008-A94C-4CC1-BB3D-ACE9EA3D0E16}.Debug|Any CPU.ActiveCfg = Debug|Any CPU
		{324E8008-A94C-4CC1-BB3D-ACE9EA3D0E16}.Debug|Any CPU.Build.0 = Debug|Any CPU
		{324E8008-A94C-4CC1-BB3D-ACE9EA3D0E16}.Release|Any CPU.ActiveCfg = Release|Any CPU
		{324E8008-A94C-4CC1-BB3D-ACE9EA3D0E16}.Release|Any CPU.Build.0 = Release|Any CPU
		{D8042DCA-8362-4D93-AD7F-788EB854A62A}.Debug|Any CPU.ActiveCfg = Debug|Any CPU
		{D8042DCA-8362-4D93-AD7F-788EB854A62A}.Debug|Any CPU.Build.0 = Debug|Any CPU
		{D8042DCA-8362-4D93-AD7F-788EB854A62A}.Release|Any CPU.ActiveCfg = Release|Any CPU
		{D8042DCA-8362-4D93-AD7F-788EB854A62A}.Release|Any CPU.Build.0 = Release|Any CPU
	EndGlobalSection
	GlobalSection(SolutionProperties) = preSolution
		HideSolutionNode = FALSE
	EndGlobalSection
	GlobalSection(ExtensibilityGlobals) = postSolution
		SolutionGuid = {73F33487-D44C-4D9F-B99E-34121C0261EB}
	EndGlobalSection
EndGlobal
